
Microsoft Visual Studio Solution File, Format Version 12.00
# Visual Studio 14
VisualStudioVersion = 14.0.25123.0
MinimumVisualStudioVersion = 10.0.40219.1
Project("{8BC9CEB8-8B4A-11D0-8D11-00A0C91BC942}") = "MathTest", "MathTest\MathTest.vcxproj", "{C20A6F70-38DC-4859-8EF5-98AC76C614DE}"
EndProject
Project("{8BC9CEB8-8B4A-11D0-8D11-00A0C91BC942}") = "LuxkoUtility", "LuxkoUtility\LuxkoUtility.vcxproj", "{76099858-376C-4DF4-A305-06FDEE5EBB31}"
EndProject
Project("{8BC9CEB8-8B4A-11D0-8D11-00A0C91BC942}") = "UtilityTest", "UtilityTest\UtilityTest.vcxproj", "{B2EF08A7-3F47-4D8B-943E-3E928972A287}"
EndProject
Project("{8BC9CEB8-8B4A-11D0-8D11-00A0C91BC942}") = "AnuthurMath", "AnuthurMath\AnuthurMath.vcxproj", "{95B6FE37-84DE-486D-A9FB-9D8782718E1E}"
EndProject
Project("{8BC9CEB8-8B4A-11D0-8D11-00A0C91BC942}") = "AnuthurRenderer", "AnuthurRenderer\AnuthurRenderer.vcxproj", "{A8607237-E0DC-421E-8798-63572DB79728}"
EndProject
Project("{8BC9CEB8-8B4A-11D0-8D11-00A0C91BC942}") = "AnuthurApplication", "AnuthurApplication\AnuthurApplication.vcxproj", "{CE3E9058-BFA0-4E30-B277-1F5104DEDC56}"
EndProject
Project("{8BC9CEB8-8B4A-11D0-8D11-00A0C91BC942}") = "BoxApp", "BoxApp\BoxApp.vcxproj", "{E80E6F80-9A7D-4C58-8E99-67781F2CA432}"
EndProject
Project("{8BC9CEB8-8B4A-11D0-8D11-00A0C91BC942}") = "ShapesApp", "ShapesApp\ShapesApp.vcxproj", "{EFE0A9B4-65F2-4963-9981-1608ECD3B929}"
EndProject
Project("{8BC9CEB8-8B4A-11D0-8D11-00A0C91BC942}") = "TextureApp", "TextureApp\TextureApp.vcxproj", "{AE00CA86-5707-48FE-A546-DB3D4227BE48}"
EndProject
Global
	GlobalSection(SolutionConfigurationPlatforms) = preSolution
		Debug|x64 = Debug|x64
		Debug|x86 = Debug|x86
		Release|x64 = Release|x64
		Release|x86 = Release|x86
	EndGlobalSection
	GlobalSection(ProjectConfigurationPlatforms) = postSolution
		{C20A6F70-38DC-4859-8EF5-98AC76C614DE}.Debug|x64.ActiveCfg = Debug|x64
		{C20A6F70-38DC-4859-8EF5-98AC76C614DE}.Debug|x64.Build.0 = Debug|x64
		{C20A6F70-38DC-4859-8EF5-98AC76C614DE}.Debug|x86.ActiveCfg = Debug|Win32
		{C20A6F70-38DC-4859-8EF5-98AC76C614DE}.Debug|x86.Build.0 = Debug|Win32
		{C20A6F70-38DC-4859-8EF5-98AC76C614DE}.Release|x64.ActiveCfg = Release|x64
		{C20A6F70-38DC-4859-8EF5-98AC76C614DE}.Release|x64.Build.0 = Release|x64
		{C20A6F70-38DC-4859-8EF5-98AC76C614DE}.Release|x86.ActiveCfg = Release|Win32
		{C20A6F70-38DC-4859-8EF5-98AC76C614DE}.Release|x86.Build.0 = Release|Win32
		{76099858-376C-4DF4-A305-06FDEE5EBB31}.Debug|x64.ActiveCfg = Debug|x64
		{76099858-376C-4DF4-A305-06FDEE5EBB31}.Debug|x64.Build.0 = Debug|x64
		{76099858-376C-4DF4-A305-06FDEE5EBB31}.Debug|x86.ActiveCfg = Debug|Win32
		{76099858-376C-4DF4-A305-06FDEE5EBB31}.Debug|x86.Build.0 = Debug|Win32
		{76099858-376C-4DF4-A305-06FDEE5EBB31}.Release|x64.ActiveCfg = Release|x64
		{76099858-376C-4DF4-A305-06FDEE5EBB31}.Release|x64.Build.0 = Release|x64
		{76099858-376C-4DF4-A305-06FDEE5EBB31}.Release|x86.ActiveCfg = Release|Win32
		{76099858-376C-4DF4-A305-06FDEE5EBB31}.Release|x86.Build.0 = Release|Win32
		{B2EF08A7-3F47-4D8B-943E-3E928972A287}.Debug|x64.ActiveCfg = Debug|x64
		{B2EF08A7-3F47-4D8B-943E-3E928972A287}.Debug|x64.Build.0 = Debug|x64
		{B2EF08A7-3F47-4D8B-943E-3E928972A287}.Debug|x86.ActiveCfg = Debug|Win32
		{B2EF08A7-3F47-4D8B-943E-3E928972A287}.Debug|x86.Build.0 = Debug|Win32
		{B2EF08A7-3F47-4D8B-943E-3E928972A287}.Release|x64.ActiveCfg = Release|x64
		{B2EF08A7-3F47-4D8B-943E-3E928972A287}.Release|x64.Build.0 = Release|x64
		{B2EF08A7-3F47-4D8B-943E-3E928972A287}.Release|x86.ActiveCfg = Release|Win32
		{B2EF08A7-3F47-4D8B-943E-3E928972A287}.Release|x86.Build.0 = Release|Win32
		{95B6FE37-84DE-486D-A9FB-9D8782718E1E}.Debug|x64.ActiveCfg = Debug|x64
		{95B6FE37-84DE-486D-A9FB-9D8782718E1E}.Debug|x64.Build.0 = Debug|x64
		{95B6FE37-84DE-486D-A9FB-9D8782718E1E}.Debug|x86.ActiveCfg = Debug|Win32
		{95B6FE37-84DE-486D-A9FB-9D8782718E1E}.Debug|x86.Build.0 = Debug|Win32
		{95B6FE37-84DE-486D-A9FB-9D8782718E1E}.Release|x64.ActiveCfg = Release|x64
		{95B6FE37-84DE-486D-A9FB-9D8782718E1E}.Release|x64.Build.0 = Release|x64
		{95B6FE37-84DE-486D-A9FB-9D8782718E1E}.Release|x86.ActiveCfg = Release|Win32
		{95B6FE37-84DE-486D-A9FB-9D8782718E1E}.Release|x86.Build.0 = Release|Win32
		{A8607237-E0DC-421E-8798-63572DB79728}.Debug|x64.ActiveCfg = Debug|x64
		{A8607237-E0DC-421E-8798-63572DB79728}.Debug|x64.Build.0 = Debug|x64
		{A8607237-E0DC-421E-8798-63572DB79728}.Debug|x86.ActiveCfg = Debug|Win32
		{A8607237-E0DC-421E-8798-63572DB79728}.Debug|x86.Build.0 = Debug|Win32
		{A8607237-E0DC-421E-8798-63572DB79728}.Release|x64.ActiveCfg = Release|x64
		{A8607237-E0DC-421E-8798-63572DB79728}.Release|x64.Build.0 = Release|x64
		{A8607237-E0DC-421E-8798-63572DB79728}.Release|x86.ActiveCfg = Release|Win32
		{A8607237-E0DC-421E-8798-63572DB79728}.Release|x86.Build.0 = Release|Win32
		{CE3E9058-BFA0-4E30-B277-1F5104DEDC56}.Debug|x64.ActiveCfg = Debug|x64
		{CE3E9058-BFA0-4E30-B277-1F5104DEDC56}.Debug|x64.Build.0 = Debug|x64
		{CE3E9058-BFA0-4E30-B277-1F5104DEDC56}.Debug|x86.ActiveCfg = Debug|Win32
		{CE3E9058-BFA0-4E30-B277-1F5104DEDC56}.Debug|x86.Build.0 = Debug|Win32
		{CE3E9058-BFA0-4E30-B277-1F5104DEDC56}.Release|x64.ActiveCfg = Release|x64
		{CE3E9058-BFA0-4E30-B277-1F5104DEDC56}.Release|x64.Build.0 = Release|x64
		{CE3E9058-BFA0-4E30-B277-1F5104DEDC56}.Release|x86.ActiveCfg = Release|Win32
		{CE3E9058-BFA0-4E30-B277-1F5104DEDC56}.Release|x86.Build.0 = Release|Win32
		{E80E6F80-9A7D-4C58-8E99-67781F2CA432}.Debug|x64.ActiveCfg = Debug|x64
		{E80E6F80-9A7D-4C58-8E99-67781F2CA432}.Debug|x64.Build.0 = Debug|x64
		{E80E6F80-9A7D-4C58-8E99-67781F2CA432}.Debug|x86.ActiveCfg = Debug|Win32
		{E80E6F80-9A7D-4C58-8E99-67781F2CA432}.Debug|x86.Build.0 = Debug|Win32
		{E80E6F80-9A7D-4C58-8E99-67781F2CA432}.Release|x64.ActiveCfg = Release|x64
		{E80E6F80-9A7D-4C58-8E99-67781F2CA432}.Release|x64.Build.0 = Release|x64
		{E80E6F80-9A7D-4C58-8E99-67781F2CA432}.Release|x86.ActiveCfg = Release|Win32
		{E80E6F80-9A7D-4C58-8E99-67781F2CA432}.Release|x86.Build.0 = Release|Win32
		{EFE0A9B4-65F2-4963-9981-1608ECD3B929}.Debug|x64.ActiveCfg = Debug|x64
		{EFE0A9B4-65F2-4963-9981-1608ECD3B929}.Debug|x64.Build.0 = Debug|x64
		{EFE0A9B4-65F2-4963-9981-1608ECD3B929}.Debug|x86.ActiveCfg = Debug|Win32
		{EFE0A9B4-65F2-4963-9981-1608ECD3B929}.Debug|x86.Build.0 = Debug|Win32
		{EFE0A9B4-65F2-4963-9981-1608ECD3B929}.Release|x64.ActiveCfg = Release|x64
		{EFE0A9B4-65F2-4963-9981-1608ECD3B929}.Release|x64.Build.0 = Release|x64
		{EFE0A9B4-65F2-4963-9981-1608ECD3B929}.Release|x86.ActiveCfg = Release|Win32
		{EFE0A9B4-65F2-4963-9981-1608ECD3B929}.Release|x86.Build.0 = Release|Win32
		{AE00CA86-5707-48FE-A546-DB3D4227BE48}.Debug|x64.ActiveCfg = Debug|x64
		{AE00CA86-5707-48FE-A546-DB3D4227BE48}.Debug|x64.Build.0 = Debug|x64
		{AE00CA86-5707-48FE-A546-DB3D4227BE48}.Debug|x86.ActiveCfg = Debug|Win32
		{AE00CA86-5707-48FE-A546-DB3D4227BE48}.Debug|x86.Build.0 = Debug|Win32
		{AE00CA86-5707-48FE-A546-DB3D4227BE48}.Release|x64.ActiveCfg = Release|x64
		{AE00CA86-5707-48FE-A546-DB3D4227BE48}.Release|x64.Build.0 = Release|x64
		{AE00CA86-5707-48FE-A546-DB3D4227BE48}.Release|x86.ActiveCfg = Release|Win32
		{AE00CA86-5707-48FE-A546-DB3D4227BE48}.Release|x86.Build.0 = Release|Win32
	EndGlobalSection
	GlobalSection(SolutionProperties) = preSolution
		HideSolutionNode = FALSE
	EndGlobalSection
EndGlobal
