<?xml version="1.0" encoding="utf-8"?>
<Project ToolsVersion="4.0" xmlns="http://schemas.microsoft.com/developer/msbuild/2003">
  <ItemGroup>
    <Filter Include="Source Files">
      <UniqueIdentifier>{4FC737F1-C7A5-4376-A066-2A32D752A2FF}</UniqueIdentifier>
      <Extensions>cpp;c;cc;cxx;def;odl;idl;hpj;bat;asm;asmx</Extensions>
    </Filter>
    <Filter Include="Resource Files">
      <UniqueIdentifier>{67DA6AB6-F800-4c08-8B7A-83BB121AAD01}</UniqueIdentifier>
      <Extensions>rc;ico;cur;bmp;dlg;rc2;rct;bin;rgs;gif;jpg;jpeg;jpe;resx;tiff;tif;png;wav;mfcribbon-ms</Extensions>
    </Filter>
    <Filter Include="Headers">
      <UniqueIdentifier>{93995380-89BD-4b04-88EB-625FBE52EBFB}</UniqueIdentifier>
      <Extensions>h;hh;hpp;hxx;hm;inl;inc;xsd</Extensions>
    </Filter>
    <Filter Include="Headers\Utility">
      <UniqueIdentifier>{c5eee158-523e-48b5-bc77-c140f4f038cc}</UniqueIdentifier>
    </Filter>
    <Filter Include="Headers\Application">
      <UniqueIdentifier>{e1f24547-1054-45df-93c8-8b60d246fc3d}</UniqueIdentifier>
    </Filter>
    <Filter Include="Headers\SceneComponents">
      <UniqueIdentifier>{624ce38d-f90a-4974-8081-c983c131e1e8}</UniqueIdentifier>
    </Filter>
    <Filter Include="Shaders">
      <UniqueIdentifier>{6228c740-5115-4be1-ad22-186341d50d33}</UniqueIdentifier>
    </Filter>
    <Filter Include="Shaders\DRP">
      <UniqueIdentifier>{fd20c494-da48-4bc3-ba67-3fb540ea201a}</UniqueIdentifier>
    </Filter>
    <Filter Include="Shaders\DRP\GBPass">
      <UniqueIdentifier>{bd2f57ba-136a-487e-b29d-b07f2573da5a}</UniqueIdentifier>
    </Filter>
    <Filter Include="Shaders\DRP\LightPass">
      <UniqueIdentifier>{75a10f4b-665b-4207-a96f-c02c02fe43ca}</UniqueIdentifier>
    </Filter>
  </ItemGroup>
  <ItemGroup>
    <ClInclude Include="..\Src\BasicGeometry.h">
      <Filter>Headers\SceneComponents</Filter>
    </ClInclude>
    <ClInclude Include="..\Src\LightandMaterial.h">
      <Filter>Headers\SceneComponents</Filter>
    </ClInclude>
    <ClInclude Include="..\Src\PerspecCamera.h">
      <Filter>Headers\SceneComponents</Filter>
    </ClInclude>
    <ClInclude Include="..\Src\DDSTextureLoader.h">
      <Filter>Headers\Utility</Filter>
    </ClInclude>
    <ClInclude Include="..\Src\RendererPCH.h">
      <Filter>Headers\Utility</Filter>
    </ClInclude>
    <ClInclude Include="..\Src\MeshResource.h">
      <Filter>Headers\SceneComponents</Filter>
    </ClInclude>
    <ClInclude Include="..\Src\D3D12HelperMethods.h">
      <Filter>Headers\Utility</Filter>
    </ClInclude>
    <ClInclude Include="..\Src\D3D12Manager.h">
      <Filter>Headers\Utility</Filter>
    </ClInclude>
    <ClInclude Include="..\Src\D3D12App.h">
      <Filter>Headers\Application</Filter>
    </ClInclude>
    <ClInclude Include="..\Src\ApplicationBase.h">
      <Filter>Headers\Application</Filter>
    </ClInclude>
    <ClInclude Include="..\Src\ApplicationHelper.h">
      <Filter>Headers\Application</Filter>
    </ClInclude>
    <ClInclude Include="..\Src\DRPipeline.h">
      <Filter>Headers\Utility</Filter>
    </ClInclude>
    <ClInclude Include="..\Src\MouseKeyControl.h">
      <Filter>Headers\Utility</Filter>
    </ClInclude>
  </ItemGroup>
  <ItemGroup>
    <ClCompile Include="..\Src\BasicGeometry.cpp">
      <Filter>Source Files</Filter>
    </ClCompile>
    <ClCompile Include="..\Src\D3D12App.cpp">
      <Filter>Source Files</Filter>
    </ClCompile>
    <ClCompile Include="..\Src\DDSTextureLoader.cpp">
      <Filter>Source Files</Filter>
    </ClCompile>
    <ClCompile Include="..\Src\LightandMaterial.cpp">
      <Filter>Source Files</Filter>
    </ClCompile>
    <ClCompile Include="..\Src\PerspecCamera.cpp">
      <Filter>Source Files</Filter>
    </ClCompile>
    <ClCompile Include="..\Src\D3D12HelperMethods.cpp">
      <Filter>Source Files</Filter>
    </ClCompile>
    <ClCompile Include="..\Src\D3D12Manager.cpp">
      <Filter>Source Files</Filter>
    </ClCompile>
    <ClCompile Include="..\Src\ApplicationBase.cpp">
      <Filter>Source Files</Filter>
    </ClCompile>
    <ClCompile Include="..\Src\ApplicationHelper.cpp">
      <Filter>Source Files</Filter>
    </ClCompile>
    <ClCompile Include="..\Src\DRPipeline.cpp">
      <Filter>Source Files</Filter>
    </ClCompile>
  </ItemGroup>
  <ItemGroup>
    <FxCompile Include="..\Src\HLSLShaders\LightandMaterial.hlsl">
      <Filter>Shaders</Filter>
    </FxCompile>
    <FxCompile Include="..\Src\HLSLShaders\DRP\GBPass\NaiveBlinnPhong.hlsl">
      <Filter>Shaders\DRP\GBPass</Filter>
    </FxCompile>
    <FxCompile Include="..\Src\HLSLShaders\DRP\LightPass\NaiveLights.hlsl">
      <Filter>Shaders\DRP\LightPass</Filter>
    </FxCompile>
    <FxCompile Include="..\Src\HLSLShaders\CommonFunc.hlsl">
      <Filter>Shaders</Filter>
    </FxCompile>
  </ItemGroup>
</Project>