<?xml version="1.0" encoding="utf-8"?>
<Project ToolsVersion="4.0" xmlns="http://schemas.microsoft.com/developer/msbuild/2003">
  <ItemGroup>
    <Filter Include="Source Files">
      <UniqueIdentifier>{4FC737F1-C7A5-4376-A066-2A32D752A2FF}</UniqueIdentifier>
      <Extensions>cpp;c;cc;cxx;def;odl;idl;hpj;bat;asm;asmx</Extensions>
    </Filter>
    <Filter Include="Resource Files">
      <UniqueIdentifier>{67DA6AB6-F800-4c08-8B7A-83BB121AAD01}</UniqueIdentifier>
      <Extensions>rc;ico;cur;bmp;dlg;rc2;rct;bin;rgs;gif;jpg;jpeg;jpe;resx;tiff;tif;png;wav;mfcribbon-ms</Extensions>
    </Filter>
    <Filter Include="Headers">
      <UniqueIdentifier>{93995380-89BD-4b04-88EB-625FBE52EBFB}</UniqueIdentifier>
      <Extensions>h;hh;hpp;hxx;hm;inl;inc;xsd</Extensions>
    </Filter>
    <Filter Include="Headers\Utility">
      <UniqueIdentifier>{c5eee158-523e-48b5-bc77-c140f4f038cc}</UniqueIdentifier>
    </Filter>
    <Filter Include="Headers\Application">
      <UniqueIdentifier>{e1f24547-1054-45df-93c8-8b60d246fc3d}</UniqueIdentifier>
    </Filter>
    <Filter Include="Headers\SceneComponents">
      <UniqueIdentifier>{624ce38d-f90a-4974-8081-c983c131e1e8}</UniqueIdentifier>
    </Filter>
  </ItemGroup>
  <ItemGroup>
    <ClInclude Include="..\AnuthurEngine\HelperMethods.h">
      <Filter>Headers\Utility</Filter>
    </ClInclude>
    <ClInclude Include="..\AnuthurEngine\RendererPCH.h">
      <Filter>Headers\Utility</Filter>
    </ClInclude>
    <ClInclude Include="..\AnuthurEngine\D3D12App.h">
      <Filter>Headers\Application</Filter>
    </ClInclude>
    <ClInclude Include="..\AnuthurEngine\PerspecCamera.h">
      <Filter>Headers\SceneComponents</Filter>
    </ClInclude>
  </ItemGroup>
  <ItemGroup>
    <ClCompile Include="..\AnuthurEngine\D3D12App.cpp">
      <Filter>Source Files</Filter>
    </ClCompile>
  </ItemGroup>
</Project>