<?xml version="1.0" encoding="utf-8"?>
<Project ToolsVersion="4.0" xmlns="http://schemas.microsoft.com/developer/msbuild/2003">
  <ItemGroup>
    <Filter Include="Resource Files">
      <UniqueIdentifier>{67DA6AB6-F800-4c08-8B7A-83BB121AAD01}</UniqueIdentifier>
      <Extensions>rc;ico;cur;bmp;dlg;rc2;rct;bin;rgs;gif;jpg;jpeg;jpe;resx;tiff;tif;png;wav;mfcribbon-ms</Extensions>
    </Filter>
    <Filter Include="Headers">
      <UniqueIdentifier>{8b889343-cc13-4c61-a1a0-fe824d871b82}</UniqueIdentifier>
    </Filter>
    <Filter Include="Headers\Geometry">
      <UniqueIdentifier>{63d71732-eb60-4a68-b1ce-2446a855235e}</UniqueIdentifier>
    </Filter>
    <Filter Include="Headers\Math">
      <UniqueIdentifier>{f73f4f7d-8e54-457c-b5bb-3ca9fe876d66}</UniqueIdentifier>
    </Filter>
    <Filter Include="Headers\Utility">
      <UniqueIdentifier>{a30e7d3d-a82b-4e45-a894-07cbe657390b}</UniqueIdentifier>
    </Filter>
    <Filter Include="Source Files">
      <UniqueIdentifier>{ae8f0bd0-6a2c-4f29-b05f-7fdafd0ad1af}</UniqueIdentifier>
    </Filter>
    <Filter Include="Source Files\Geometry">
      <UniqueIdentifier>{435f452f-9f6c-4a8d-a9d5-94d51cd9b059}</UniqueIdentifier>
    </Filter>
    <Filter Include="Source Files\Math">
      <UniqueIdentifier>{3fc4c072-60b0-4f29-89a8-d3f9ff36f7b6}</UniqueIdentifier>
    </Filter>
  </ItemGroup>
  <ItemGroup>
    <ClInclude Include="Vector3f.h">
      <Filter>Headers\Math</Filter>
    </ClInclude>
    <ClInclude Include="Matrix3x3f.h">
      <Filter>Headers\Math</Filter>
    </ClInclude>
    <ClInclude Include="MathIO.h">
      <Filter>Headers\Math</Filter>
    </ClInclude>
    <ClInclude Include="Vector4f.h">
      <Filter>Headers\Math</Filter>
    </ClInclude>
    <ClInclude Include="Matrix4x4f.h">
      <Filter>Headers\Math</Filter>
    </ClInclude>
    <ClInclude Include="Quaternionf.h">
      <Filter>Headers\Math</Filter>
    </ClInclude>
    <ClInclude Include="Point3DH.h">
      <Filter>Headers\Geometry</Filter>
    </ClInclude>
    <ClInclude Include="Vector3DH.h">
      <Filter>Headers\Geometry</Filter>
    </ClInclude>
    <ClInclude Include="Line3DH.h">
      <Filter>Headers\Geometry</Filter>
    </ClInclude>
    <ClInclude Include="Plane3DH.h">
      <Filter>Headers\Geometry</Filter>
    </ClInclude>
    <ClInclude Include="FloatsComparision.h">
      <Filter>Headers\Math</Filter>
    </ClInclude>
    <ClInclude Include="Transform3DH.h">
      <Filter>Headers\Geometry</Filter>
    </ClInclude>
    <ClInclude Include="RootFinding.h">
      <Filter>Headers\Math</Filter>
    </ClInclude>
    <ClInclude Include="ValResult.h">
      <Filter>Headers\Utility</Filter>
    </ClInclude>
  </ItemGroup>
  <ItemGroup>
    <ClCompile Include="Line3DH.cpp">
      <Filter>Source Files\Geometry</Filter>
    </ClCompile>
    <ClCompile Include="Plane3DH.cpp">
      <Filter>Source Files\Geometry</Filter>
    </ClCompile>
    <ClCompile Include="Point3DH.cpp">
      <Filter>Source Files\Geometry</Filter>
    </ClCompile>
    <ClCompile Include="Transform3DH.cpp">
      <Filter>Source Files\Geometry</Filter>
    </ClCompile>
    <ClCompile Include="Vector3DH.cpp">
      <Filter>Source Files\Geometry</Filter>
    </ClCompile>
    <ClCompile Include="Vector4f.cpp">
      <Filter>Source Files\Math</Filter>
    </ClCompile>
    <ClCompile Include="Vector3f.cpp">
      <Filter>Source Files\Math</Filter>
    </ClCompile>
    <ClCompile Include="RootFinding.cpp">
      <Filter>Source Files\Math</Filter>
    </ClCompile>
    <ClCompile Include="Matrix4x4f.cpp">
      <Filter>Source Files\Math</Filter>
    </ClCompile>
    <ClCompile Include="Matrix3x3f.cpp">
      <Filter>Source Files\Math</Filter>
    </ClCompile>
    <ClCompile Include="MathIO.cpp">
      <Filter>Source Files\Math</Filter>
    </ClCompile>
    <ClCompile Include="FloatsComparision.cpp">
      <Filter>Source Files\Math</Filter>
    </ClCompile>
  </ItemGroup>
  <ItemGroup>
    <None Include="Quaternionf.cpp">
      <Filter>Source Files\Math</Filter>
    </None>
  </ItemGroup>
</Project>