<?xml version="1.0" encoding="utf-8"?>
<Project ToolsVersion="4.0" xmlns="http://schemas.microsoft.com/developer/msbuild/2003">
  <ItemGroup>
    <Filter Include="Source Files">
      <UniqueIdentifier>{4FC737F1-C7A5-4376-A066-2A32D752A2FF}</UniqueIdentifier>
      <Extensions>cpp;c;cc;cxx;def;odl;idl;hpj;bat;asm;asmx</Extensions>
    </Filter>
    <Filter Include="Resource Files">
      <UniqueIdentifier>{67DA6AB6-F800-4c08-8B7A-83BB121AAD01}</UniqueIdentifier>
      <Extensions>rc;ico;cur;bmp;dlg;rc2;rct;bin;rgs;gif;jpg;jpeg;jpe;resx;tiff;tif;png;wav;mfcribbon-ms</Extensions>
    </Filter>
    <Filter Include="Headers">
      <UniqueIdentifier>{93995380-89BD-4b04-88EB-625FBE52EBFB}</UniqueIdentifier>
      <Extensions>h;hh;hpp;hxx;hm;inl;inc;xsd</Extensions>
    </Filter>
    <Filter Include="Source Files\Math">
      <UniqueIdentifier>{4ac8b0c5-f057-46dd-aca9-d067e33afb93}</UniqueIdentifier>
    </Filter>
    <Filter Include="Source Files\Geometry">
      <UniqueIdentifier>{8afe58ee-2b7a-44cd-9197-61734d284ac1}</UniqueIdentifier>
    </Filter>
    <Filter Include="Headers\Geometry">
      <UniqueIdentifier>{5a6c1f75-b9f8-4f8a-8779-b22dd3c1ffdf}</UniqueIdentifier>
    </Filter>
    <Filter Include="Headers\Math">
      <UniqueIdentifier>{eac9967d-1607-46c8-99e7-43b1ff23da11}</UniqueIdentifier>
    </Filter>
  </ItemGroup>
  <ItemGroup>
    <ClInclude Include="..\AnuthurEngine\FloatsComparision.h">
      <Filter>Headers\Math</Filter>
    </ClInclude>
    <ClInclude Include="..\AnuthurEngine\Matrix4x4f.h">
      <Filter>Headers\Math</Filter>
    </ClInclude>
    <ClInclude Include="..\AnuthurEngine\Quaternionf.h">
      <Filter>Headers\Math</Filter>
    </ClInclude>
    <ClInclude Include="..\AnuthurEngine\RootFinding.h">
      <Filter>Headers\Math</Filter>
    </ClInclude>
    <ClInclude Include="..\AnuthurEngine\Vector4f.h">
      <Filter>Headers\Math</Filter>
    </ClInclude>
    <ClInclude Include="..\AnuthurEngine\MathIO.h">
      <Filter>Headers\Math</Filter>
    </ClInclude>
    <ClInclude Include="..\AnuthurEngine\Matrix3x3f.h">
      <Filter>Headers\Math</Filter>
    </ClInclude>
    <ClInclude Include="..\AnuthurEngine\Vector3f.h">
      <Filter>Headers\Math</Filter>
    </ClInclude>
    <ClInclude Include="..\AnuthurEngine\ValResult.h">
      <Filter>Headers\Math</Filter>
    </ClInclude>
    <ClInclude Include="..\AnuthurEngine\Line3DH.h">
      <Filter>Headers\Geometry</Filter>
    </ClInclude>
    <ClInclude Include="..\AnuthurEngine\Plane3DH.h">
      <Filter>Headers\Geometry</Filter>
    </ClInclude>
    <ClInclude Include="..\AnuthurEngine\Point3DH.h">
      <Filter>Headers\Geometry</Filter>
    </ClInclude>
    <ClInclude Include="..\AnuthurEngine\Transform3DH.h">
      <Filter>Headers\Geometry</Filter>
    </ClInclude>
    <ClInclude Include="..\AnuthurEngine\Vector3DH.h">
      <Filter>Headers\Geometry</Filter>
    </ClInclude>
    <ClInclude Include="..\AnuthurEngine\Frame3DH.h">
      <Filter>Headers\Geometry</Filter>
    </ClInclude>
  </ItemGroup>
  <ItemGroup>
    <ClCompile Include="..\AnuthurEngine\FloatsComparision.cpp">
      <Filter>Source Files\Math</Filter>
    </ClCompile>
    <ClCompile Include="..\AnuthurEngine\MathIO.cpp">
      <Filter>Source Files\Math</Filter>
    </ClCompile>
    <ClCompile Include="..\AnuthurEngine\Matrix3x3f.cpp">
      <Filter>Source Files\Math</Filter>
    </ClCompile>
    <ClCompile Include="..\AnuthurEngine\Matrix4x4f.cpp">
      <Filter>Source Files\Math</Filter>
    </ClCompile>
    <ClCompile Include="..\AnuthurEngine\RootFinding.cpp">
      <Filter>Source Files\Math</Filter>
    </ClCompile>
    <ClCompile Include="..\AnuthurEngine\Vector3f.cpp">
      <Filter>Source Files\Math</Filter>
    </ClCompile>
    <ClCompile Include="..\AnuthurEngine\Vector4f.cpp">
      <Filter>Source Files\Math</Filter>
    </ClCompile>
    <ClCompile Include="..\AnuthurEngine\Line3DH.cpp">
      <Filter>Source Files\Geometry</Filter>
    </ClCompile>
    <ClCompile Include="..\AnuthurEngine\Plane3DH.cpp">
      <Filter>Source Files\Geometry</Filter>
    </ClCompile>
    <ClCompile Include="..\AnuthurEngine\Point3DH.cpp">
      <Filter>Source Files\Geometry</Filter>
    </ClCompile>
    <ClCompile Include="..\AnuthurEngine\Transform3DH.cpp">
      <Filter>Source Files\Geometry</Filter>
    </ClCompile>
    <ClCompile Include="..\AnuthurEngine\Vector3DH.cpp">
      <Filter>Source Files\Geometry</Filter>
    </ClCompile>
    <ClCompile Include="..\AnuthurEngine\Frame3DH.cpp">
      <Filter>Source Files\Geometry</Filter>
    </ClCompile>
  </ItemGroup>
  <ItemGroup>
    <None Include="..\AnuthurEngine\Quaternionf.cpp">
      <Filter>Source Files\Math</Filter>
    </None>
  </ItemGroup>
</Project>