<?xml version="1.0" encoding="utf-8"?>
<Project ToolsVersion="4.0" xmlns="http://schemas.microsoft.com/developer/msbuild/2003">
  <ItemGroup>
    <Filter Include="Source Files">
      <UniqueIdentifier>{4FC737F1-C7A5-4376-A066-2A32D752A2FF}</UniqueIdentifier>
      <Extensions>cpp;c;cc;cxx;def;odl;idl;hpj;bat;asm;asmx</Extensions>
    </Filter>
    <Filter Include="Resource Files">
      <UniqueIdentifier>{67DA6AB6-F800-4c08-8B7A-83BB121AAD01}</UniqueIdentifier>
      <Extensions>rc;ico;cur;bmp;dlg;rc2;rct;bin;rgs;gif;jpg;jpeg;jpe;resx;tiff;tif;png;wav;mfcribbon-ms</Extensions>
    </Filter>
    <Filter Include="Headers">
      <UniqueIdentifier>{93995380-89BD-4b04-88EB-625FBE52EBFB}</UniqueIdentifier>
      <Extensions>h;hh;hpp;hxx;hm;inl;inc;xsd</Extensions>
    </Filter>
    <Filter Include="Headers\Geometry">
      <UniqueIdentifier>{5a6c1f75-b9f8-4f8a-8779-b22dd3c1ffdf}</UniqueIdentifier>
    </Filter>
    <Filter Include="Headers\Math">
      <UniqueIdentifier>{eac9967d-1607-46c8-99e7-43b1ff23da11}</UniqueIdentifier>
    </Filter>
    <Filter Include="Headers\Object">
      <UniqueIdentifier>{c48af213-682e-415f-a1d5-4b87ee8f9ac3}</UniqueIdentifier>
    </Filter>
  </ItemGroup>
  <ItemGroup>
    <ClInclude Include="..\Src\Frame3DH.h">
      <Filter>Headers\Geometry</Filter>
    </ClInclude>
    <ClInclude Include="..\Src\Line3DH.h">
      <Filter>Headers\Geometry</Filter>
    </ClInclude>
    <ClInclude Include="..\Src\Plane3DH.h">
      <Filter>Headers\Geometry</Filter>
    </ClInclude>
    <ClInclude Include="..\Src\Point3DH.h">
      <Filter>Headers\Geometry</Filter>
    </ClInclude>
    <ClInclude Include="..\Src\Transform3DH.h">
      <Filter>Headers\Geometry</Filter>
    </ClInclude>
    <ClInclude Include="..\Src\Triangle3DH.h">
      <Filter>Headers\Geometry</Filter>
    </ClInclude>
    <ClInclude Include="..\Src\Vector3DH.h">
      <Filter>Headers\Geometry</Filter>
    </ClInclude>
    <ClInclude Include="..\Src\FloatsComparision.h">
      <Filter>Headers\Math</Filter>
    </ClInclude>
    <ClInclude Include="..\Src\MathIO.h">
      <Filter>Headers\Math</Filter>
    </ClInclude>
    <ClInclude Include="..\Src\Matrix3x3f.h">
      <Filter>Headers\Math</Filter>
    </ClInclude>
    <ClInclude Include="..\Src\Matrix4x4f.h">
      <Filter>Headers\Math</Filter>
    </ClInclude>
    <ClInclude Include="..\Src\Quaternionf.h">
      <Filter>Headers\Math</Filter>
    </ClInclude>
    <ClInclude Include="..\Src\RootFinding.h">
      <Filter>Headers\Math</Filter>
    </ClInclude>
    <ClInclude Include="..\Src\ValResult.h">
      <Filter>Headers\Math</Filter>
    </ClInclude>
    <ClInclude Include="..\Src\Vector3f.h">
      <Filter>Headers\Math</Filter>
    </ClInclude>
    <ClInclude Include="..\Src\Vector4f.h">
      <Filter>Headers\Math</Filter>
    </ClInclude>
    <ClInclude Include="..\Src\Box.h">
      <Filter>Headers\Object</Filter>
    </ClInclude>
    <ClInclude Include="..\Src\Cone.h">
      <Filter>Headers\Object</Filter>
    </ClInclude>
    <ClInclude Include="..\Src\Cylinder.h">
      <Filter>Headers\Object</Filter>
    </ClInclude>
    <ClInclude Include="..\Src\Ellipsoid.h">
      <Filter>Headers\Object</Filter>
    </ClInclude>
    <ClInclude Include="..\Src\OrientedObject.h">
      <Filter>Headers\Object</Filter>
    </ClInclude>
    <ClInclude Include="..\Src\Sphere.h">
      <Filter>Headers\Object</Filter>
    </ClInclude>
  </ItemGroup>
  <ItemGroup>
    <ClCompile Include="..\Src\Box.cpp">
      <Filter>Source Files</Filter>
    </ClCompile>
    <ClCompile Include="..\Src\Cone.cpp">
      <Filter>Source Files</Filter>
    </ClCompile>
    <ClCompile Include="..\Src\Cylinder.cpp">
      <Filter>Source Files</Filter>
    </ClCompile>
    <ClCompile Include="..\Src\Ellipsoid.cpp">
      <Filter>Source Files</Filter>
    </ClCompile>
    <ClCompile Include="..\Src\FloatsComparision.cpp">
      <Filter>Source Files</Filter>
    </ClCompile>
    <ClCompile Include="..\Src\Frame3DH.cpp">
      <Filter>Source Files</Filter>
    </ClCompile>
    <ClCompile Include="..\Src\Line3DH.cpp">
      <Filter>Source Files</Filter>
    </ClCompile>
    <ClCompile Include="..\Src\MathIO.cpp">
      <Filter>Source Files</Filter>
    </ClCompile>
    <ClCompile Include="..\Src\Matrix3x3f.cpp">
      <Filter>Source Files</Filter>
    </ClCompile>
    <ClCompile Include="..\Src\Matrix4x4f.cpp">
      <Filter>Source Files</Filter>
    </ClCompile>
    <ClCompile Include="..\Src\OrientedObject.cpp">
      <Filter>Source Files</Filter>
    </ClCompile>
    <ClCompile Include="..\Src\Plane3DH.cpp">
      <Filter>Source Files</Filter>
    </ClCompile>
    <ClCompile Include="..\Src\Point3DH.cpp">
      <Filter>Source Files</Filter>
    </ClCompile>
    <ClCompile Include="..\Src\Quaternionf.cpp">
      <Filter>Source Files</Filter>
    </ClCompile>
    <ClCompile Include="..\Src\RootFinding.cpp">
      <Filter>Source Files</Filter>
    </ClCompile>
    <ClCompile Include="..\Src\Sphere.cpp">
      <Filter>Source Files</Filter>
    </ClCompile>
    <ClCompile Include="..\Src\Transform3DH.cpp">
      <Filter>Source Files</Filter>
    </ClCompile>
    <ClCompile Include="..\Src\Triangle3DH.cpp">
      <Filter>Source Files</Filter>
    </ClCompile>
    <ClCompile Include="..\Src\Vector3DH.cpp">
      <Filter>Source Files</Filter>
    </ClCompile>
    <ClCompile Include="..\Src\Vector3f.cpp">
      <Filter>Source Files</Filter>
    </ClCompile>
    <ClCompile Include="..\Src\Vector4f.cpp">
      <Filter>Source Files</Filter>
    </ClCompile>
  </ItemGroup>
</Project>